
Microsoft Visual Studio Solution File, Format Version 12.00
# Visual Studio Version 17
VisualStudioVersion = 17.3.32929.385
MinimumVisualStudioVersion = 10.0.40219.1
Project("{FAE04EC0-301F-11D3-BF4B-00C04F79EFBC}") = "StringBuilder", "StringBuilder\StringBuilder.csproj", "{53F87443-555F-4E0D-9371-EA96E52DF4D5}"
EndProject
Global
	GlobalSection(SolutionConfigurationPlatforms) = preSolution
		Debug|Any CPU = Debug|Any CPU
		Release|Any CPU = Release|Any CPU
	EndGlobalSection
	GlobalSection(ProjectConfigurationPlatforms) = postSolution
		{53F87443-555F-4E0D-9371-EA96E52DF4D5}.Debug|Any CPU.ActiveCfg = Debug|Any CPU
		{53F87443-555F-4E0D-9371-EA96E52DF4D5}.Debug|Any CPU.Build.0 = Debug|Any CPU
		{53F87443-555F-4E0D-9371-EA96E52DF4D5}.Release|Any CPU.ActiveCfg = Release|Any CPU
		{53F87443-555F-4E0D-9371-EA96E52DF4D5}.Release|Any CPU.Build.0 = Release|Any CPU
	EndGlobalSection
	GlobalSection(SolutionProperties) = preSolution
		HideSolutionNode = FALSE
	EndGlobalSection
	GlobalSection(ExtensibilityGlobals) = postSolution
		SolutionGuid = {E18BE05E-D04A-4AAB-B7FF-F75FC423B717}
	EndGlobalSection
EndGlobal
